// !$*UTF8*$!
{
	archiveVersion = 1;
	classes = {
	};
	objectVersion = 55;
	objects = {

/* Begin PBXBuildFile section */
		97BAFC942912E61F00D166A8 /* Lecture8DemoApp.swift in Sources */ = {isa = PBXBuildFile; fileRef = 97BAFC932912E61F00D166A8 /* Lecture8DemoApp.swift */; };
		97BAFC962912E61F00D166A8 /* ContentView.swift in Sources */ = {isa = PBXBuildFile; fileRef = 97BAFC952912E61F00D166A8 /* ContentView.swift */; };
		97BAFC982912E62000D166A8 /* Assets.xcassets in Resources */ = {isa = PBXBuildFile; fileRef = 97BAFC972912E62000D166A8 /* Assets.xcassets */; };
		97BAFC9B2912E62000D166A8 /* Preview Assets.xcassets in Resources */ = {isa = PBXBuildFile; fileRef = 97BAFC9A2912E62000D166A8 /* Preview Assets.xcassets */; };
		97BAFCA72912E87900D166A8 /* FirebaseAuth in Frameworks */ = {isa = PBXBuildFile; productRef = 97BAFCA62912E87900D166A8 /* FirebaseAuth */; };
		97BAFCA92912E87900D166A8 /* FirebaseFirestore in Frameworks */ = {isa = PBXBuildFile; productRef = 97BAFCA82912E87900D166A8 /* FirebaseFirestore */; };
		97BAFCAB2912E97700D166A8 /* ViewModel.swift in Sources */ = {isa = PBXBuildFile; fileRef = 97BAFCAA2912E97700D166A8 /* ViewModel.swift */; };
		97BAFCAD2912F4B900D166A8 /* ShoppingListItem.swift in Sources */ = {isa = PBXBuildFile; fileRef = 97BAFCAC2912F4B900D166A8 /* ShoppingListItem.swift */; };
		97BAFCAF2912F9E600D166A8 /* ShoppingListView.swift in Sources */ = {isa = PBXBuildFile; fileRef = 97BAFCAE2912F9E600D166A8 /* ShoppingListView.swift */; };
		97BAFCB12912FA1E00D166A8 /* LoginView.swift in Sources */ = {isa = PBXBuildFile; fileRef = 97BAFCB02912FA1E00D166A8 /* LoginView.swift */; };
		97BAFCB32913178F00D166A8 /* GoogleService-Info.plist in Resources */ = {isa = PBXBuildFile; fileRef = 97BAFCB22913178F00D166A8 /* GoogleService-Info.plist */; };
/* End PBXBuildFile section */

/* Begin PBXFileReference section */
		97BAFC902912E61F00D166A8 /* Lecture8Demo.app */ = {isa = PBXFileReference; explicitFileType = wrapper.application; includeInIndex = 0; path = Lecture8Demo.app; sourceTree = BUILT_PRODUCTS_DIR; };
		97BAFC932912E61F00D166A8 /* Lecture8DemoApp.swift */ = {isa = PBXFileReference; lastKnownFileType = sourcecode.swift; path = Lecture8DemoApp.swift; sourceTree = "<group>"; };
		97BAFC952912E61F00D166A8 /* ContentView.swift */ = {isa = PBXFileReference; lastKnownFileType = sourcecode.swift; path = ContentView.swift; sourceTree = "<group>"; };
		97BAFC972912E62000D166A8 /* Assets.xcassets */ = {isa = PBXFileReference; lastKnownFileType = folder.assetcatalog; path = Assets.xcassets; sourceTree = "<group>"; };
		97BAFC9A2912E62000D166A8 /* Preview Assets.xcassets */ = {isa = PBXFileReference; lastKnownFileType = folder.assetcatalog; path = "Preview Assets.xcassets"; sourceTree = "<group>"; };
		97BAFCAA2912E97700D166A8 /* ViewModel.swift */ = {isa = PBXFileReference; lastKnownFileType = sourcecode.swift; path = ViewModel.swift; sourceTree = "<group>"; };
		97BAFCAC2912F4B900D166A8 /* ShoppingListItem.swift */ = {isa = PBXFileReference; lastKnownFileType = sourcecode.swift; path = ShoppingListItem.swift; sourceTree = "<group>"; };
		97BAFCAE2912F9E600D166A8 /* ShoppingListView.swift */ = {isa = PBXFileReference; lastKnownFileType = sourcecode.swift; path = ShoppingListView.swift; sourceTree = "<group>"; };
		97BAFCB02912FA1E00D166A8 /* LoginView.swift */ = {isa = PBXFileReference; lastKnownFileType = sourcecode.swift; path = LoginView.swift; sourceTree = "<group>"; };
		97BAFCB22913178F00D166A8 /* GoogleService-Info.plist */ = {isa = PBXFileReference; fileEncoding = 4; lastKnownFileType = text.plist.xml; name = "GoogleService-Info.plist"; path = "../../../../GoogleService-Info.plist"; sourceTree = "<group>"; };
/* End PBXFileReference section */

/* Begin PBXFrameworksBuildPhase section */
		97BAFC8D2912E61F00D166A8 /* Frameworks */ = {
			isa = PBXFrameworksBuildPhase;
			buildActionMask = 2147483647;
			files = (
				97BAFCA72912E87900D166A8 /* FirebaseAuth in Frameworks */,
				97BAFCA92912E87900D166A8 /* FirebaseFirestore in Frameworks */,
			);
			runOnlyForDeploymentPostprocessing = 0;
		};
/* End PBXFrameworksBuildPhase section */

/* Begin PBXGroup section */
		97BAFC872912E61F00D166A8 = {
			isa = PBXGroup;
			children = (
				97BAFC922912E61F00D166A8 /* Lecture8Demo */,
				97BAFC912912E61F00D166A8 /* Products */,
			);
			sourceTree = "<group>";
		};
		97BAFC912912E61F00D166A8 /* Products */ = {
			isa = PBXGroup;
			children = (
				97BAFC902912E61F00D166A8 /* Lecture8Demo.app */,
			);
			name = Products;
			sourceTree = "<group>";
		};
		97BAFC922912E61F00D166A8 /* Lecture8Demo */ = {
			isa = PBXGroup;
			children = (
				97BAFC932912E61F00D166A8 /* Lecture8DemoApp.swift */,
				97BAFC952912E61F00D166A8 /* ContentView.swift */,
				97BAFCAA2912E97700D166A8 /* ViewModel.swift */,
				97BAFCAE2912F9E600D166A8 /* ShoppingListView.swift */,
				97BAFCB02912FA1E00D166A8 /* LoginView.swift */,
				97BAFCAC2912F4B900D166A8 /* ShoppingListItem.swift */,
				97BAFCB22913178F00D166A8 /* GoogleService-Info.plist */,
				97BAFC972912E62000D166A8 /* Assets.xcassets */,
				97BAFC992912E62000D166A8 /* Preview Content */,
			);
			path = Lecture8Demo;
			sourceTree = "<group>";
		};
		97BAFC992912E62000D166A8 /* Preview Content */ = {
			isa = PBXGroup;
			children = (
				97BAFC9A2912E62000D166A8 /* Preview Assets.xcassets */,
			);
			path = "Preview Content";
			sourceTree = "<group>";
		};
/* End PBXGroup section */

/* Begin PBXNativeTarget section */
		97BAFC8F2912E61F00D166A8 /* Lecture8Demo */ = {
			isa = PBXNativeTarget;
			buildConfigurationList = 97BAFC9E2912E62000D166A8 /* Build configuration list for PBXNativeTarget "Lecture8Demo" */;
			buildPhases = (
				97BAFC8C2912E61F00D166A8 /* Sources */,
				97BAFC8D2912E61F00D166A8 /* Frameworks */,
				97BAFC8E2912E61F00D166A8 /* Resources */,
			);
			buildRules = (
			);
			dependencies = (
			);
			name = Lecture8Demo;
			packageProductDependencies = (
				97BAFCA62912E87900D166A8 /* FirebaseAuth */,
				97BAFCA82912E87900D166A8 /* FirebaseFirestore */,
			);
			productName = Lecture8Demo;
			productReference = 97BAFC902912E61F00D166A8 /* Lecture8Demo.app */;
			productType = "com.apple.product-type.application";
		};
/* End PBXNativeTarget section */

/* Begin PBXProject section */
		97BAFC882912E61F00D166A8 /* Project object */ = {
			isa = PBXProject;
			attributes = {
				BuildIndependentTargetsInParallel = 1;
				LastSwiftUpdateCheck = 1320;
				LastUpgradeCheck = 1320;
				TargetAttributes = {
					97BAFC8F2912E61F00D166A8 = {
						CreatedOnToolsVersion = 13.2.1;
					};
				};
			};
			buildConfigurationList = 97BAFC8B2912E61F00D166A8 /* Build configuration list for PBXProject "Lecture8Demo" */;
			compatibilityVersion = "Xcode 13.0";
			developmentRegion = en;
			hasScannedForEncodings = 0;
			knownRegions = (
				en,
				Base,
			);
			mainGroup = 97BAFC872912E61F00D166A8;
			packageReferences = (
				97BAFCA52912E87900D166A8 /* XCRemoteSwiftPackageReference "firebase-ios-sdk" */,
			);
			productRefGroup = 97BAFC912912E61F00D166A8 /* Products */;
			projectDirPath = "";
			projectRoot = "";
			targets = (
				97BAFC8F2912E61F00D166A8 /* Lecture8Demo */,
			);
		};
/* End PBXProject section */

/* Begin PBXResourcesBuildPhase section */
		97BAFC8E2912E61F00D166A8 /* Resources */ = {
			isa = PBXResourcesBuildPhase;
			buildActionMask = 2147483647;
			files = (
				97BAFC9B2912E62000D166A8 /* Preview Assets.xcassets in Resources */,
				97BAFC982912E62000D166A8 /* Assets.xcassets in Resources */,
				97BAFCB32913178F00D166A8 /* GoogleService-Info.plist in Resources */,
			);
			runOnlyForDeploymentPostprocessing = 0;
		};
/* End PBXResourcesBuildPhase section */

/* Begin PBXSourcesBuildPhase section */
		97BAFC8C2912E61F00D166A8 /* Sources */ = {
			isa = PBXSourcesBuildPhase;
			buildActionMask = 2147483647;
			files = (
				97BAFCB12912FA1E00D166A8 /* LoginView.swift in Sources */,
				97BAFCAD2912F4B900D166A8 /* ShoppingListItem.swift in Sources */,
				97BAFC962912E61F00D166A8 /* ContentView.swift in Sources */,
				97BAFC942912E61F00D166A8 /* Lecture8DemoApp.swift in Sources */,
				97BAFCAF2912F9E600D166A8 /* ShoppingListView.swift in Sources */,
				97BAFCAB2912E97700D166A8 /* ViewModel.swift in Sources */,
			);
			runOnlyForDeploymentPostprocessing = 0;
		};
/* End PBXSourcesBuildPhase section */

/* Begin XCBuildConfiguration section */
		97BAFC9C2912E62000D166A8 /* Debug */ = {
			isa = XCBuildConfiguration;
			buildSettings = {
				ALWAYS_SEARCH_USER_PATHS = NO;
				CLANG_ANALYZER_NONNULL = YES;
				CLANG_ANALYZER_NUMBER_OBJECT_CONVERSION = YES_AGGRESSIVE;
				CLANG_CXX_LANGUAGE_STANDARD = "gnu++17";
				CLANG_CXX_LIBRARY = "libc++";
				CLANG_ENABLE_MODULES = YES;
				CLANG_ENABLE_OBJC_ARC = YES;
				CLANG_ENABLE_OBJC_WEAK = YES;
				CLANG_WARN_BLOCK_CAPTURE_AUTORELEASING = YES;
				CLANG_WARN_BOOL_CONVERSION = YES;
				CLANG_WARN_COMMA = YES;
				CLANG_WARN_CONSTANT_CONVERSION = YES;
				CLANG_WARN_DEPRECATED_OBJC_IMPLEMENTATIONS = YES;
				CLANG_WARN_DIRECT_OBJC_ISA_USAGE = YES_ERROR;
				CLANG_WARN_DOCUMENTATION_COMMENTS = YES;
				CLANG_WARN_EMPTY_BODY = YES;
				CLANG_WARN_ENUM_CONVERSION = YES;
				CLANG_WARN_INFINITE_RECURSION = YES;
				CLANG_WARN_INT_CONVERSION = YES;
				CLANG_WARN_NON_LITERAL_NULL_CONVERSION = YES;
				CLANG_WARN_OBJC_IMPLICIT_RETAIN_SELF = YES;
				CLANG_WARN_OBJC_LITERAL_CONVERSION = YES;
				CLANG_WARN_OBJC_ROOT_CLASS = YES_ERROR;
				CLANG_WARN_QUOTED_INCLUDE_IN_FRAMEWORK_HEADER = YES;
				CLANG_WARN_RANGE_LOOP_ANALYSIS = YES;
				CLANG_WARN_STRICT_PROTOTYPES = YES;
				CLANG_WARN_SUSPICIOUS_MOVE = YES;
				CLANG_WARN_UNGUARDED_AVAILABILITY = YES_AGGRESSIVE;
				CLANG_WARN_UNREACHABLE_CODE = YES;
				CLANG_WARN__DUPLICATE_METHOD_MATCH = YES;
				COPY_PHASE_STRIP = NO;
				DEBUG_INFORMATION_FORMAT = dwarf;
				ENABLE_STRICT_OBJC_MSGSEND = YES;
				ENABLE_TESTABILITY = YES;
				GCC_C_LANGUAGE_STANDARD = gnu11;
				GCC_DYNAMIC_NO_PIC = NO;
				GCC_NO_COMMON_BLOCKS = YES;
				GCC_OPTIMIZATION_LEVEL = 0;
				GCC_PREPROCESSOR_DEFINITIONS = (
					"DEBUG=1",
					"$(inherited)",
				);
				GCC_WARN_64_TO_32_BIT_CONVERSION = YES;
				GCC_WARN_ABOUT_RETURN_TYPE = YES_ERROR;
				GCC_WARN_UNDECLARED_SELECTOR = YES;
				GCC_WARN_UNINITIALIZED_AUTOS = YES_AGGRESSIVE;
				GCC_WARN_UNUSED_FUNCTION = YES;
				GCC_WARN_UNUSED_VARIABLE = YES;
				IPHONEOS_DEPLOYMENT_TARGET = 15.2;
				MTL_ENABLE_DEBUG_INFO = INCLUDE_SOURCE;
				MTL_FAST_MATH = YES;
				ONLY_ACTIVE_ARCH = YES;
				SDKROOT = iphoneos;
				SWIFT_ACTIVE_COMPILATION_CONDITIONS = DEBUG;
				SWIFT_OPTIMIZATION_LEVEL = "-Onone";
			};
			name = Debug;
		};
		97BAFC9D2912E62000D166A8 /* Release */ = {
			isa = XCBuildConfiguration;
			buildSettings = {
				ALWAYS_SEARCH_USER_PATHS = NO;
				CLANG_ANALYZER_NONNULL = YES;
				CLANG_ANALYZER_NUMBER_OBJECT_CONVERSION = YES_AGGRESSIVE;
				CLANG_CXX_LANGUAGE_STANDARD = "gnu++17";
				CLANG_CXX_LIBRARY = "libc++";
				CLANG_ENABLE_MODULES = YES;
				CLANG_ENABLE_OBJC_ARC = YES;
				CLANG_ENABLE_OBJC_WEAK = YES;
				CLANG_WARN_BLOCK_CAPTURE_AUTORELEASING = YES;
				CLANG_WARN_BOOL_CONVERSION = YES;
				CLANG_WARN_COMMA = YES;
				CLANG_WARN_CONSTANT_CONVERSION = YES;
				CLANG_WARN_DEPRECATED_OBJC_IMPLEMENTATIONS = YES;
				CLANG_WARN_DIRECT_OBJC_ISA_USAGE = YES_ERROR;
				CLANG_WARN_DOCUMENTATION_COMMENTS = YES;
				CLANG_WARN_EMPTY_BODY = YES;
				CLANG_WARN_ENUM_CONVERSION = YES;
				CLANG_WARN_INFINITE_RECURSION = YES;
				CLANG_WARN_INT_CONVERSION = YES;
				CLANG_WARN_NON_LITERAL_NULL_CONVERSION = YES;
				CLANG_WARN_OBJC_IMPLICIT_RETAIN_SELF = YES;
				CLANG_WARN_OBJC_LITERAL_CONVERSION = YES;
				CLANG_WARN_OBJC_ROOT_CLASS = YES_ERROR;
				CLANG_WARN_QUOTED_INCLUDE_IN_FRAMEWORK_HEADER = YES;
				CLANG_WARN_RANGE_LOOP_ANALYSIS = YES;
				CLANG_WARN_STRICT_PROTOTYPES = YES;
				CLANG_WARN_SUSPICIOUS_MOVE = YES;
				CLANG_WARN_UNGUARDED_AVAILABILITY = YES_AGGRESSIVE;
				CLANG_WARN_UNREACHABLE_CODE = YES;
				CLANG_WARN__DUPLICATE_METHOD_MATCH = YES;
				COPY_PHASE_STRIP = NO;
				DEBUG_INFORMATION_FORMAT = "dwarf-with-dsym";
				ENABLE_NS_ASSERTIONS = NO;
				ENABLE_STRICT_OBJC_MSGSEND = YES;
				GCC_C_LANGUAGE_STANDARD = gnu11;
				GCC_NO_COMMON_BLOCKS = YES;
				GCC_WARN_64_TO_32_BIT_CONVERSION = YES;
				GCC_WARN_ABOUT_RETURN_TYPE = YES_ERROR;
				GCC_WARN_UNDECLARED_SELECTOR = YES;
				GCC_WARN_UNINITIALIZED_AUTOS = YES_AGGRESSIVE;
				GCC_WARN_UNUSED_FUNCTION = YES;
				GCC_WARN_UNUSED_VARIABLE = YES;
				IPHONEOS_DEPLOYMENT_TARGET = 15.2;
				MTL_ENABLE_DEBUG_INFO = NO;
				MTL_FAST_MATH = YES;
				SDKROOT = iphoneos;
				SWIFT_COMPILATION_MODE = wholemodule;
				SWIFT_OPTIMIZATION_LEVEL = "-O";
				VALIDATE_PRODUCT = YES;
			};
			name = Release;
		};
		97BAFC9F2912E62000D166A8 /* Debug */ = {
			isa = XCBuildConfiguration;
			buildSettings = {
				ASSETCATALOG_COMPILER_APPICON_NAME = AppIcon;
				ASSETCATALOG_COMPILER_GLOBAL_ACCENT_COLOR_NAME = AccentColor;
				CODE_SIGN_STYLE = Automatic;
				CURRENT_PROJECT_VERSION = 1;
				DEVELOPMENT_ASSET_PATHS = "\"Lecture8Demo/Preview Content\"";
				ENABLE_PREVIEWS = YES;
				GENERATE_INFOPLIST_FILE = YES;
				INFOPLIST_KEY_UIApplicationSceneManifest_Generation = YES;
				INFOPLIST_KEY_UIApplicationSupportsIndirectInputEvents = YES;
				INFOPLIST_KEY_UILaunchScreen_Generation = YES;
				INFOPLIST_KEY_UISupportedInterfaceOrientations_iPad = "UIInterfaceOrientationPortrait UIInterfaceOrientationPortraitUpsideDown UIInterfaceOrientationLandscapeLeft UIInterfaceOrientationLandscapeRight";
				INFOPLIST_KEY_UISupportedInterfaceOrientations_iPhone = "UIInterfaceOrientationPortrait UIInterfaceOrientationLandscapeLeft UIInterfaceOrientationLandscapeRight";
				LD_RUNPATH_SEARCH_PATHS = (
					"$(inherited)",
					"@executable_path/Frameworks",
				);
				MARKETING_VERSION = 1.0;
				PRODUCT_BUNDLE_IDENTIFIER = com.AndyHuang.Lecture8Demo;
				PRODUCT_NAME = "$(TARGET_NAME)";
				SWIFT_EMIT_LOC_STRINGS = YES;
				SWIFT_VERSION = 5.0;
				TARGETED_DEVICE_FAMILY = "1,2";
			};
			name = Debug;
		};
		97BAFCA02912E62000D166A8 /* Release */ = {
			isa = XCBuildConfiguration;
			buildSettings = {
				ASSETCATALOG_COMPILER_APPICON_NAME = AppIcon;
				ASSETCATALOG_COMPILER_GLOBAL_ACCENT_COLOR_NAME = AccentColor;
				CODE_SIGN_STYLE = Automatic;
				CURRENT_PROJECT_VERSION = 1;
				DEVELOPMENT_ASSET_PATHS = "\"Lecture8Demo/Preview Content\"";
				ENABLE_PREVIEWS = YES;
				GENERATE_INFOPLIST_FILE = YES;
				INFOPLIST_KEY_UIApplicationSceneManifest_Generation = YES;
				INFOPLIST_KEY_UIApplicationSupportsIndirectInputEvents = YES;
				INFOPLIST_KEY_UILaunchScreen_Generation = YES;
				INFOPLIST_KEY_UISupportedInterfaceOrientations_iPad = "UIInterfaceOrientationPortrait UIInterfaceOrientationPortraitUpsideDown UIInterfaceOrientationLandscapeLeft UIInterfaceOrientationLandscapeRight";
				INFOPLIST_KEY_UISupportedInterfaceOrientations_iPhone = "UIInterfaceOrientationPortrait UIInterfaceOrientationLandscapeLeft UIInterfaceOrientationLandscapeRight";
				LD_RUNPATH_SEARCH_PATHS = (
					"$(inherited)",
					"@executable_path/Frameworks",
				);
				MARKETING_VERSION = 1.0;
				PRODUCT_BUNDLE_IDENTIFIER = com.AndyHuang.Lecture8Demo;
				PRODUCT_NAME = "$(TARGET_NAME)";
				SWIFT_EMIT_LOC_STRINGS = YES;
				SWIFT_VERSION = 5.0;
				TARGETED_DEVICE_FAMILY = "1,2";
			};
			name = Release;
		};
/* End XCBuildConfiguration section */

/* Begin XCConfigurationList section */
		97BAFC8B2912E61F00D166A8 /* Build configuration list for PBXProject "Lecture8Demo" */ = {
			isa = XCConfigurationList;
			buildConfigurations = (
				97BAFC9C2912E62000D166A8 /* Debug */,
				97BAFC9D2912E62000D166A8 /* Release */,
			);
			defaultConfigurationIsVisible = 0;
			defaultConfigurationName = Release;
		};
		97BAFC9E2912E62000D166A8 /* Build configuration list for PBXNativeTarget "Lecture8Demo" */ = {
			isa = XCConfigurationList;
			buildConfigurations = (
				97BAFC9F2912E62000D166A8 /* Debug */,
				97BAFCA02912E62000D166A8 /* Release */,
			);
			defaultConfigurationIsVisible = 0;
			defaultConfigurationName = Release;
		};
/* End XCConfigurationList section */

/* Begin XCRemoteSwiftPackageReference section */
		97BAFCA52912E87900D166A8 /* XCRemoteSwiftPackageReference "firebase-ios-sdk" */ = {
			isa = XCRemoteSwiftPackageReference;
			repositoryURL = "https://github.com/firebase/firebase-ios-sdk";
			requirement = {
				branch = master;
				kind = branch;
			};
		};
/* End XCRemoteSwiftPackageReference section */

/* Begin XCSwiftPackageProductDependency section */
		97BAFCA62912E87900D166A8 /* FirebaseAuth */ = {
			isa = XCSwiftPackageProductDependency;
			package = 97BAFCA52912E87900D166A8 /* XCRemoteSwiftPackageReference "firebase-ios-sdk" */;
			productName = FirebaseAuth;
		};
		97BAFCA82912E87900D166A8 /* FirebaseFirestore */ = {
			isa = XCSwiftPackageProductDependency;
			package = 97BAFCA52912E87900D166A8 /* XCRemoteSwiftPackageReference "firebase-ios-sdk" */;
			productName = FirebaseFirestore;
		};
/* End XCSwiftPackageProductDependency section */
	};
	rootObject = 97BAFC882912E61F00D166A8 /* Project object */;
}
